# This file is autogenerated, do not edit; changes may be undone by the next 'dep ensure'.


[[projects]]
  branch = "master"
  name = "github.com/firstrow/tcp_server"
  packages = ["."]
  revision = "3c550f1587f05cb2e740396738f2723dbb0ee7b1"

[[projects]]
  name = "github.com/go-chi/chi"
  packages = [".","middleware","render"]
  revision = "967844826e58cf31213a7dfb82455d242ad85101"
  version = "v3.0.0"

[[projects]]
  branch = "master"
  name = "github.com/gopherjs/gopherjs"
  packages = ["js"]
  revision = "444abdf920945de5d4a977b572bcc6c674d1e4eb"

[[projects]]
  name = "github.com/jtolds/gls"
  packages = ["."]
  revision = "77f18212c9c7edc9bd6a33d383a7b545ce62f064"
  version = "v4.2.1"

[[projects]]
  branch = "master"
  name = "github.com/kavu/go-resque"
  packages = [".","driver","godis"]
  revision = "31373a98b5c1b8e638461dca63a3c65e0eceed81"

[[projects]]
  branch = "master"
  name = "github.com/simonz05/godis"
  packages = ["redis"]
  revision = "109ffb8e37383eb0e84811aefd5c6b952dfb005d"

[[projects]]
  name = "github.com/sirupsen/logrus"
  packages = ["."]
  revision = "d682213848ed68c0a260ca37d6dd5ace8423f5ba"
  version = "v1.0.4"

[[projects]]
  name = "github.com/smartystreets/assertions"
  packages = [".","internal/go-render/render","internal/oglematchers"]
  revision = "0b37b35ec7434b77e77a4bb29b79677cced992ea"
  version = "1.8.1"

[[projects]]
  name = "github.com/smartystreets/goconvey"
  packages = ["convey","convey/gotest","convey/reporting"]
  revision = "9e8dc3f972df6c8fcc0375ef492c24d0bb204857"
  version = "1.6.3"

[[projects]]
  branch = "master"
  name = "golang.org/x/crypto"
  packages = ["ssh/terminal"]
  revision = "5f55bce93ad2c89f411e009659bb1fd83da36e7b"

[[projects]]
  branch = "master"
  name = "golang.org/x/net"
  packages = ["context"]
  revision = "5ccada7d0a7ba9aeb5d3aca8d3501b4c2a509fec"

[[projects]]
  branch = "master"
  name = "golang.org/x/sys"
  packages = ["unix","windows"]
  revision = "810d7000345868fc619eb81f46307107118f4ae1"

[solve-meta]
  analyzer-name = "dep"
  analyzer-version = 1
  inputs-digest = "5801020039f20926ba7479d78e194b0268bd3b537fa90a5508b92966f4148705"
  solver-name = "gps-cdcl"
  solver-version = 1
